
Microsoft Visual Studio Solution File, Format Version 12.00
# Visual Studio Version 17
VisualStudioVersion = 17.5.33516.290
MinimumVisualStudioVersion = 10.0.40219.1
Project("{FAE04EC0-301F-11D3-BF4B-00C04F79EFBC}") = "VisonProcess", "VisonProcess\VisonProcess.csproj", "{0474F52F-3A89-4844-8CC2-4AE67BD4F5B8}"
EndProject
Project("{FAE04EC0-301F-11D3-BF4B-00C04F79EFBC}") = "VisonProcess.Core", "VisonProcess.Core\VisonProcess.Core.csproj", "{A2D26AFB-0C38-4D71-8002-BAB360582B3B}"
EndProject
Project("{FAE04EC0-301F-11D3-BF4B-00C04F79EFBC}") = "VisonProcess.Tools", "VisonProcess.Tools\VisonProcess.Tools.csproj", "{34811D2B-DED6-4D57-BE1A-D4ED567199D2}"
EndProject
Global
	GlobalSection(SolutionConfigurationPlatforms) = preSolution
		Debug|Any CPU = Debug|Any CPU
		Release|Any CPU = Release|Any CPU
	EndGlobalSection
	GlobalSection(ProjectConfigurationPlatforms) = postSolution
		{0474F52F-3A89-4844-8CC2-4AE67BD4F5B8}.Debug|Any CPU.ActiveCfg = Debug|Any CPU
		{0474F52F-3A89-4844-8CC2-4AE67BD4F5B8}.Debug|Any CPU.Build.0 = Debug|Any CPU
		{0474F52F-3A89-4844-8CC2-4AE67BD4F5B8}.Release|Any CPU.ActiveCfg = Release|Any CPU
		{0474F52F-3A89-4844-8CC2-4AE67BD4F5B8}.Release|Any CPU.Build.0 = Release|Any CPU
		{A2D26AFB-0C38-4D71-8002-BAB360582B3B}.Debug|Any CPU.ActiveCfg = Debug|Any CPU
		{A2D26AFB-0C38-4D71-8002-BAB360582B3B}.Debug|Any CPU.Build.0 = Debug|Any CPU
		{A2D26AFB-0C38-4D71-8002-BAB360582B3B}.Release|Any CPU.ActiveCfg = Release|Any CPU
		{A2D26AFB-0C38-4D71-8002-BAB360582B3B}.Release|Any CPU.Build.0 = Release|Any CPU
		{34811D2B-DED6-4D57-BE1A-D4ED567199D2}.Debug|Any CPU.ActiveCfg = Debug|Any CPU
		{34811D2B-DED6-4D57-BE1A-D4ED567199D2}.Debug|Any CPU.Build.0 = Debug|Any CPU
		{34811D2B-DED6-4D57-BE1A-D4ED567199D2}.Release|Any CPU.ActiveCfg = Release|Any CPU
		{34811D2B-DED6-4D57-BE1A-D4ED567199D2}.Release|Any CPU.Build.0 = Release|Any CPU
	EndGlobalSection
	GlobalSection(SolutionProperties) = preSolution
		HideSolutionNode = FALSE
	EndGlobalSection
	GlobalSection(ExtensibilityGlobals) = postSolution
		SolutionGuid = {6BF01FD4-8280-4353-992F-622872793872}
	EndGlobalSection
EndGlobal
